
Microsoft Visual Studio Solution File, Format Version 12.00
# Visual Studio Version 17
VisualStudioVersion = 17.8.34309.116
MinimumVisualStudioVersion = 10.0.40219.1
Project("{9A19103F-16F7-4668-BE54-9A1E7A4F7556}") = "IMS", "IMS.csproj", "{30E66810-F59C-4FB0-978C-994B39BC5EAA}"
EndProject
Project("{2150E333-8FDC-42A3-9474-1A3956D46DE8}") = "Solution Items", "Solution Items", "{868150EF-8653-444F-9EAB-2BDFF2533AA1}"
	ProjectSection(SolutionItems) = preProject
		.editorconfig = .editorconfig
	EndProjectSection
EndProject
Global
	GlobalSection(SolutionConfigurationPlatforms) = preSolution
		Debug|Any CPU = Debug|Any CPU
		Release|Any CPU = Release|Any CPU
	EndGlobalSection
	GlobalSection(ProjectConfigurationPlatforms) = postSolution
		{30E66810-F59C-4FB0-978C-994B39BC5EAA}.Debug|Any CPU.ActiveCfg = Debug|Any CPU
		{30E66810-F59C-4FB0-978C-994B39BC5EAA}.Debug|Any CPU.Build.0 = Debug|Any CPU
		{30E66810-F59C-4FB0-978C-994B39BC5EAA}.Release|Any CPU.ActiveCfg = Release|Any CPU
		{30E66810-F59C-4FB0-978C-994B39BC5EAA}.Release|Any CPU.Build.0 = Release|Any CPU
	EndGlobalSection
	GlobalSection(SolutionProperties) = preSolution
		HideSolutionNode = FALSE
	EndGlobalSection
	GlobalSection(ExtensibilityGlobals) = postSolution
		SolutionGuid = {243004D1-005A-4E27-B00B-8308C906AEBA}
	EndGlobalSection
EndGlobal
